
Microsoft Visual Studio Solution File, Format Version 12.00
# Visual Studio Version 17
VisualStudioVersion = 17.3.32804.467
MinimumVisualStudioVersion = 10.0.40219.1
Project("{2150E333-8FDC-42A3-9474-1A3956D46DE8}") = "src", "src", "{2BB60B68-4913-4B3D-9C1F-125212E989C5}"
EndProject
Project("{2150E333-8FDC-42A3-9474-1A3956D46DE8}") = "corePackages", "corePackages", "{9816AAF3-1FB2-4C5F-B0D0-7E89816195FC}"
EndProject
Project("{2150E333-8FDC-42A3-9474-1A3956D46DE8}") = "project", "project", "{7DAB664B-5444-47C8-96F1-EC6936D2DDEA}"
EndProject
Project("{FAE04EC0-301F-11D3-BF4B-00C04F79EFBC}") = "Application", "src\project\Application\Application.csproj", "{FEC07CED-756F-419B-AE32-FA3A14F037BB}"
EndProject
Project("{FAE04EC0-301F-11D3-BF4B-00C04F79EFBC}") = "Domain", "src\project\Domain\Domain.csproj", "{E2638334-0274-4AF1-9270-2AB35B5B45BE}"
EndProject
Project("{FAE04EC0-301F-11D3-BF4B-00C04F79EFBC}") = "Infrastructure", "src\project\Infrastructure\Infrastructure.csproj", "{D9D6CB76-9959-4C40-B87E-6B865C88A529}"
EndProject
Project("{FAE04EC0-301F-11D3-BF4B-00C04F79EFBC}") = "Persistance", "src\project\Persistance\Persistance.csproj", "{D560A1A9-D987-4A40-A271-3DB6B20A4EB3}"
EndProject
Project("{9A19103F-16F7-4668-BE54-9A1E7A4F7556}") = "Core.Application", "..\nArchitecture\src\corePackages\Core.Application\Core.Application.csproj", "{BC1AFC77-3363-4B7D-8207-3E7ABFDBDBB9}"
EndProject
Project("{9A19103F-16F7-4668-BE54-9A1E7A4F7556}") = "Core.CrossCuttingConcerns", "..\nArchitecture\src\corePackages\Core.CrossCuttingConcers\Core.CrossCuttingConcerns.csproj", "{2C3E4AE2-3704-412F-BCD9-75821EE60546}"
EndProject
Project("{9A19103F-16F7-4668-BE54-9A1E7A4F7556}") = "Core.ElasticSearch", "..\nArchitecture\src\corePackages\Core.ElasticSearch\Core.ElasticSearch.csproj", "{1C567E11-61EA-46F5-B545-B223CBA0DAC7}"
EndProject
Project("{9A19103F-16F7-4668-BE54-9A1E7A4F7556}") = "Core.Mailing", "..\nArchitecture\src\corePackages\Core.Mailing\Core.Mailing.csproj", "{3E5803BC-7703-4D1C-93E0-DCDDB3C54840}"
EndProject
Project("{9A19103F-16F7-4668-BE54-9A1E7A4F7556}") = "Core.Persistence", "..\nArchitecture\src\corePackages\Core.Persistence\Core.Persistence.csproj", "{2EF2E500-46E6-46BB-BCFF-0FC4D0B68A23}"
EndProject
Project("{9A19103F-16F7-4668-BE54-9A1E7A4F7556}") = "Core.Security", "..\nArchitecture\src\corePackages\Core.Security\Core.Security.csproj", "{3FEBE5E0-B2E9-40F6-B8C0-B32564C1D944}"
EndProject
Project("{FAE04EC0-301F-11D3-BF4B-00C04F79EFBC}") = "WebAPI", "src\project\WebAPI\WebAPI.csproj", "{59AA147C-5446-4314-9271-E7B83B471F59}"
EndProject
Global
	GlobalSection(SolutionConfigurationPlatforms) = preSolution
		Debug|Any CPU = Debug|Any CPU
		Release|Any CPU = Release|Any CPU
	EndGlobalSection
	GlobalSection(ProjectConfigurationPlatforms) = postSolution
		{FEC07CED-756F-419B-AE32-FA3A14F037BB}.Debug|Any CPU.ActiveCfg = Debug|Any CPU
		{FEC07CED-756F-419B-AE32-FA3A14F037BB}.Debug|Any CPU.Build.0 = Debug|Any CPU
		{FEC07CED-756F-419B-AE32-FA3A14F037BB}.Release|Any CPU.ActiveCfg = Release|Any CPU
		{FEC07CED-756F-419B-AE32-FA3A14F037BB}.Release|Any CPU.Build.0 = Release|Any CPU
		{E2638334-0274-4AF1-9270-2AB35B5B45BE}.Debug|Any CPU.ActiveCfg = Debug|Any CPU
		{E2638334-0274-4AF1-9270-2AB35B5B45BE}.Debug|Any CPU.Build.0 = Debug|Any CPU
		{E2638334-0274-4AF1-9270-2AB35B5B45BE}.Release|Any CPU.ActiveCfg = Release|Any CPU
		{E2638334-0274-4AF1-9270-2AB35B5B45BE}.Release|Any CPU.Build.0 = Release|Any CPU
		{D9D6CB76-9959-4C40-B87E-6B865C88A529}.Debug|Any CPU.ActiveCfg = Debug|Any CPU
		{D9D6CB76-9959-4C40-B87E-6B865C88A529}.Debug|Any CPU.Build.0 = Debug|Any CPU
		{D9D6CB76-9959-4C40-B87E-6B865C88A529}.Release|Any CPU.ActiveCfg = Release|Any CPU
		{D9D6CB76-9959-4C40-B87E-6B865C88A529}.Release|Any CPU.Build.0 = Release|Any CPU
		{D560A1A9-D987-4A40-A271-3DB6B20A4EB3}.Debug|Any CPU.ActiveCfg = Debug|Any CPU
		{D560A1A9-D987-4A40-A271-3DB6B20A4EB3}.Debug|Any CPU.Build.0 = Debug|Any CPU
		{D560A1A9-D987-4A40-A271-3DB6B20A4EB3}.Release|Any CPU.ActiveCfg = Release|Any CPU
		{D560A1A9-D987-4A40-A271-3DB6B20A4EB3}.Release|Any CPU.Build.0 = Release|Any CPU
		{BC1AFC77-3363-4B7D-8207-3E7ABFDBDBB9}.Debug|Any CPU.ActiveCfg = Debug|Any CPU
		{BC1AFC77-3363-4B7D-8207-3E7ABFDBDBB9}.Debug|Any CPU.Build.0 = Debug|Any CPU
		{BC1AFC77-3363-4B7D-8207-3E7ABFDBDBB9}.Release|Any CPU.ActiveCfg = Release|Any CPU
		{BC1AFC77-3363-4B7D-8207-3E7ABFDBDBB9}.Release|Any CPU.Build.0 = Release|Any CPU
		{2C3E4AE2-3704-412F-BCD9-75821EE60546}.Debug|Any CPU.ActiveCfg = Debug|Any CPU
		{2C3E4AE2-3704-412F-BCD9-75821EE60546}.Debug|Any CPU.Build.0 = Debug|Any CPU
		{2C3E4AE2-3704-412F-BCD9-75821EE60546}.Release|Any CPU.ActiveCfg = Release|Any CPU
		{2C3E4AE2-3704-412F-BCD9-75821EE60546}.Release|Any CPU.Build.0 = Release|Any CPU
		{1C567E11-61EA-46F5-B545-B223CBA0DAC7}.Debug|Any CPU.ActiveCfg = Debug|Any CPU
		{1C567E11-61EA-46F5-B545-B223CBA0DAC7}.Debug|Any CPU.Build.0 = Debug|Any CPU
		{1C567E11-61EA-46F5-B545-B223CBA0DAC7}.Release|Any CPU.ActiveCfg = Release|Any CPU
		{1C567E11-61EA-46F5-B545-B223CBA0DAC7}.Release|Any CPU.Build.0 = Release|Any CPU
		{3E5803BC-7703-4D1C-93E0-DCDDB3C54840}.Debug|Any CPU.ActiveCfg = Debug|Any CPU
		{3E5803BC-7703-4D1C-93E0-DCDDB3C54840}.Debug|Any CPU.Build.0 = Debug|Any CPU
		{3E5803BC-7703-4D1C-93E0-DCDDB3C54840}.Release|Any CPU.ActiveCfg = Release|Any CPU
		{3E5803BC-7703-4D1C-93E0-DCDDB3C54840}.Release|Any CPU.Build.0 = Release|Any CPU
		{2EF2E500-46E6-46BB-BCFF-0FC4D0B68A23}.Debug|Any CPU.ActiveCfg = Debug|Any CPU
		{2EF2E500-46E6-46BB-BCFF-0FC4D0B68A23}.Debug|Any CPU.Build.0 = Debug|Any CPU
		{2EF2E500-46E6-46BB-BCFF-0FC4D0B68A23}.Release|Any CPU.ActiveCfg = Release|Any CPU
		{2EF2E500-46E6-46BB-BCFF-0FC4D0B68A23}.Release|Any CPU.Build.0 = Release|Any CPU
		{3FEBE5E0-B2E9-40F6-B8C0-B32564C1D944}.Debug|Any CPU.ActiveCfg = Debug|Any CPU
		{3FEBE5E0-B2E9-40F6-B8C0-B32564C1D944}.Debug|Any CPU.Build.0 = Debug|Any CPU
		{3FEBE5E0-B2E9-40F6-B8C0-B32564C1D944}.Release|Any CPU.ActiveCfg = Release|Any CPU
		{3FEBE5E0-B2E9-40F6-B8C0-B32564C1D944}.Release|Any CPU.Build.0 = Release|Any CPU
		{59AA147C-5446-4314-9271-E7B83B471F59}.Debug|Any CPU.ActiveCfg = Debug|Any CPU
		{59AA147C-5446-4314-9271-E7B83B471F59}.Debug|Any CPU.Build.0 = Debug|Any CPU
		{59AA147C-5446-4314-9271-E7B83B471F59}.Release|Any CPU.ActiveCfg = Release|Any CPU
		{59AA147C-5446-4314-9271-E7B83B471F59}.Release|Any CPU.Build.0 = Release|Any CPU
	EndGlobalSection
	GlobalSection(SolutionProperties) = preSolution
		HideSolutionNode = FALSE
	EndGlobalSection
	GlobalSection(NestedProjects) = preSolution
		{9816AAF3-1FB2-4C5F-B0D0-7E89816195FC} = {2BB60B68-4913-4B3D-9C1F-125212E989C5}
		{7DAB664B-5444-47C8-96F1-EC6936D2DDEA} = {2BB60B68-4913-4B3D-9C1F-125212E989C5}
		{FEC07CED-756F-419B-AE32-FA3A14F037BB} = {7DAB664B-5444-47C8-96F1-EC6936D2DDEA}
		{E2638334-0274-4AF1-9270-2AB35B5B45BE} = {7DAB664B-5444-47C8-96F1-EC6936D2DDEA}
		{D9D6CB76-9959-4C40-B87E-6B865C88A529} = {7DAB664B-5444-47C8-96F1-EC6936D2DDEA}
		{D560A1A9-D987-4A40-A271-3DB6B20A4EB3} = {7DAB664B-5444-47C8-96F1-EC6936D2DDEA}
		{BC1AFC77-3363-4B7D-8207-3E7ABFDBDBB9} = {9816AAF3-1FB2-4C5F-B0D0-7E89816195FC}
		{2C3E4AE2-3704-412F-BCD9-75821EE60546} = {9816AAF3-1FB2-4C5F-B0D0-7E89816195FC}
		{1C567E11-61EA-46F5-B545-B223CBA0DAC7} = {9816AAF3-1FB2-4C5F-B0D0-7E89816195FC}
		{3E5803BC-7703-4D1C-93E0-DCDDB3C54840} = {9816AAF3-1FB2-4C5F-B0D0-7E89816195FC}
		{2EF2E500-46E6-46BB-BCFF-0FC4D0B68A23} = {9816AAF3-1FB2-4C5F-B0D0-7E89816195FC}
		{3FEBE5E0-B2E9-40F6-B8C0-B32564C1D944} = {9816AAF3-1FB2-4C5F-B0D0-7E89816195FC}
		{59AA147C-5446-4314-9271-E7B83B471F59} = {7DAB664B-5444-47C8-96F1-EC6936D2DDEA}
	EndGlobalSection
	GlobalSection(ExtensibilityGlobals) = postSolution
		SolutionGuid = {BBD0735B-2F85-4980-895A-C61F6F9076AF}
	EndGlobalSection
EndGlobal
